<?xml version="1.0" encoding="utf-8"?>
<Project ToolsVersion="4.0" xmlns="http://schemas.microsoft.com/developer/msbuild/2003">
  <ItemGroup>
    <Filter Include="Source Files">
      <UniqueIdentifier>{4FC737F1-C7A5-4376-A066-2A32D752A2FF}</UniqueIdentifier>
      <Extensions>cpp;c;cc;cxx;def;odl;idl;hpj;bat;asm;asmx</Extensions>
    </Filter>
    <Filter Include="Graphics">
      <UniqueIdentifier>{53129fdc-8bde-4437-97e4-b19b2753e395}</UniqueIdentifier>
    </Filter>
    <Filter Include="Tools">
      <UniqueIdentifier>{184c96fc-4070-40d4-b65b-61bf31bb35fb}</UniqueIdentifier>
    </Filter>
    <Filter Include="Shaders">
      <UniqueIdentifier>{0272a7d6-f875-430f-9c82-39117287dd92}</UniqueIdentifier>
    </Filter>
  </ItemGroup>
  <ItemGroup>
    <ClCompile Include="App.cpp">
      <Filter>Source Files</Filter>
    </ClCompile>
    <ClCompile Include="Graphics\GLShader.cpp">
      <Filter>Graphics</Filter>
    </ClCompile>
    <ClCompile Include="Graphics\GLProgram.cpp">
      <Filter>Graphics</Filter>
    </ClCompile>
    <ClCompile Include="Graphics\Model.cpp">
      <Filter>Graphics</Filter>
    </ClCompile>
    <ClCompile Include="Tools\ObjReader.cpp">
      <Filter>Tools</Filter>
    </ClCompile>
    <ClCompile Include="Graphics\Camera.cpp">
      <Filter>Graphics</Filter>
    </ClCompile>
    <ClCompile Include="Graphics\Scene.cpp">
      <Filter>Graphics</Filter>
    </ClCompile>
    <ClCompile Include="Graphics\Material.cpp">
      <Filter>Graphics</Filter>
    </ClCompile>
    <ClCompile Include="Graphics\Texture2D.cpp">
      <Filter>Graphics</Filter>
    </ClCompile>
    <ClCompile Include="Graphics\Window.cpp">
      <Filter>Source Files</Filter>
    </ClCompile>
    <ClCompile Include="Graphics\GLComputeProgram.cpp">
      <Filter>Source Files</Filter>
    </ClCompile>
    <ClCompile Include="Graphics\glad.c">
      <Filter>Source Files</Filter>
    </ClCompile>
    <ClCompile Include="EntitiesSystem\GameObject.cpp">
      <Filter>Source Files</Filter>
    </ClCompile>
    <ClCompile Include="EntitiesSystem\Transform.cpp">
      <Filter>Source Files</Filter>
    </ClCompile>
  </ItemGroup>
  <ItemGroup>
    <ClInclude Include="Graphics\GLShader.h">
      <Filter>Graphics</Filter>
    </ClInclude>
    <ClInclude Include="Graphics\GLProgram.h">
      <Filter>Graphics</Filter>
    </ClInclude>
    <ClInclude Include="Graphics\GraphicsDefinitions.h">
      <Filter>Graphics</Filter>
    </ClInclude>
    <ClInclude Include="Graphics\Model.h">
      <Filter>Graphics</Filter>
    </ClInclude>
    <ClInclude Include="Tools\ObjReader.h">
      <Filter>Tools</Filter>
    </ClInclude>
    <ClInclude Include="Graphics\Camera.h">
      <Filter>Graphics</Filter>
    </ClInclude>
    <ClInclude Include="Graphics\Scene.h">
      <Filter>Graphics</Filter>
    </ClInclude>
    <ClInclude Include="Graphics\Material.h">
      <Filter>Graphics</Filter>
    </ClInclude>
    <ClInclude Include="Graphics\Texture2D.h">
      <Filter>Graphics</Filter>
    </ClInclude>
    <ClInclude Include="Graphics\Window.h" />
    <ClInclude Include="Graphics\GLComputeProgram.h" />
    <ClInclude Include="Graphics\GLBufferT.h" />
    <ClInclude Include="EntitiesSystem\GameObject.h" />
    <ClInclude Include="EntitiesSystem\Transform.h" />
    <ClInclude Include="EntitiesSystem\IComponent.h" />
  </ItemGroup>
  <ItemGroup>
    <None Include="Shaders\basic_vert.vert">
      <Filter>Shaders</Filter>
    </None>
    <None Include="Shaders\basic_frag.frag">
      <Filter>Shaders</Filter>
    </None>
    <None Include="Shaders\basic2d.vert">
      <Filter>Shaders</Filter>
    </None>
    <None Include="Shaders\basic2d.frag">
      <Filter>Shaders</Filter>
    </None>
  </ItemGroup>
</Project>